
Microsoft Visual Studio Solution File, Format Version 12.00
# Visual Studio 15
VisualStudioVersion = 15.0.28307.168
MinimumVisualStudioVersion = 10.0.40219.1
Project("{FAE04EC0-301F-11D3-BF4B-00C04F79EFBC}") = "NotifyHealth", "NotifyHealth\NotifyHealth.csproj", "{B2FBF0BF-3711-4AFE-8283-23F146404D49}"
EndProject
Global
	GlobalSection(SolutionConfigurationPlatforms) = preSolution
		Debug|Any CPU = Debug|Any CPU
		Release|Any CPU = Release|Any CPU
	EndGlobalSection
	GlobalSection(ProjectConfigurationPlatforms) = postSolution
		{B2FBF0BF-3711-4AFE-8283-23F146404D49}.Debug|Any CPU.ActiveCfg = Debug|Any CPU
		{B2FBF0BF-3711-4AFE-8283-23F146404D49}.Debug|Any CPU.Build.0 = Debug|Any CPU
		{B2FBF0BF-3711-4AFE-8283-23F146404D49}.Release|Any CPU.ActiveCfg = Release|Any CPU
		{B2FBF0BF-3711-4AFE-8283-23F146404D49}.Release|Any CPU.Build.0 = Release|Any CPU
	EndGlobalSection
	GlobalSection(SolutionProperties) = preSolution
		HideSolutionNode = FALSE
	EndGlobalSection
	GlobalSection(ExtensibilityGlobals) = postSolution
		SolutionGuid = {A896A3D6-1646-4A32-84CC-CE1D9A53CA3E}
	EndGlobalSection
EndGlobal
